<?xml version="1.0" encoding="UTF-8" standalone="yes" ?>
<CodeBlocks_project_file>
	<FileVersion major="1" minor="6" />
	<Project>
		<Option title="SisopCarissimi2018-2" />
		<Option pch_mode="2" />
		<Option compiler="gcc" />
		<Build>
			<Target title="Debug">
				<Option output="lib/libt2fs" prefix_auto="1" extension_auto="1" />
				<Option working_dir="" />
				<Option object_output="obj/Debug/" />
				<Option type="2" />
				<Option compiler="gcc" />
				<Option createDefFile="1" />
				<Compiler>
					<Add option="-g" />
				</Compiler>
			</Target>
			<Target title="Release">
				<Option output="bin/Release/SisopCarissimi2018-2" prefix_auto="1" extension_auto="1" />
				<Option object_output="obj/Release/" />
				<Option type="1" />
				<Option compiler="gcc" />
				<Compiler>
					<Add option="-O2" />
				</Compiler>
				<Linker>
					<Add option="-s" />
				</Linker>
			</Target>
		</Build>
		<Compiler>
			<Add option="-Wall" />
		</Compiler>
		<Unit filename="src/blockhandler.c">
			<Option compilerVar="CC" />
		</Unit>
		<Unit filename="src/directory.c">
			<Option compilerVar="CC" />
		</Unit>
		<Unit filename="src/initializer.c">
			<Option compilerVar="CC" />
		</Unit>
		<Unit filename="src/inodehandler.c">
			<Option compilerVar="CC" />
		</Unit>
		<Unit filename="src/stringfunctions.c">
			<Option compilerVar="CC" />
		</Unit>
		<Unit filename="src/t2fs.c">
			<Option compilerVar="CC" />
		</Unit>
		<Extensions>
			<code_completion />
			<debugger />
		</Extensions>
	</Project>
</CodeBlocks_project_file>
